
Microsoft Visual Studio Solution File, Format Version 12.00
# Visual Studio 15
VisualStudioVersion = 15.0.27130.0
MinimumVisualStudioVersion = 10.0.40219.1
Project("{FAE04EC0-301F-11D3-BF4B-00C04F79EFBC}") = "xUnitTest", "xUnitTest\xUnitTest.csproj", "{6C991234-B442-452D-ABE0-39C185B4417E}"
EndProject
Project("{FAE04EC0-301F-11D3-BF4B-00C04F79EFBC}") = "Repository", "Repository\Repository.csproj", "{0D550246-52B1-4776-8CF1-60F7E6E72BE3}"
EndProject
Project("{FAE04EC0-301F-11D3-BF4B-00C04F79EFBC}") = "Service", "Service\Service.csproj", "{A4E27D0A-97CE-4E50-9035-1C9A887865B2}"
EndProject
Project("{FAE04EC0-301F-11D3-BF4B-00C04F79EFBC}") = "Data", "Data\Data.csproj", "{F48A194E-628B-4ADD-9E33-48FA6E499DE8}"
EndProject
Project("{FAE04EC0-301F-11D3-BF4B-00C04F79EFBC}") = "WebAPI", "WebAPI\WebAPI.csproj", "{A7A52FC8-208D-4355-ACFE-0D81316290FF}"
EndProject
Global
	GlobalSection(SolutionConfigurationPlatforms) = preSolution
		Debug|Any CPU = Debug|Any CPU
		Release|Any CPU = Release|Any CPU
	EndGlobalSection
	GlobalSection(ProjectConfigurationPlatforms) = postSolution
		{6C991234-B442-452D-ABE0-39C185B4417E}.Debug|Any CPU.ActiveCfg = Debug|Any CPU
		{6C991234-B442-452D-ABE0-39C185B4417E}.Debug|Any CPU.Build.0 = Debug|Any CPU
		{6C991234-B442-452D-ABE0-39C185B4417E}.Release|Any CPU.ActiveCfg = Release|Any CPU
		{6C991234-B442-452D-ABE0-39C185B4417E}.Release|Any CPU.Build.0 = Release|Any CPU
		{0D550246-52B1-4776-8CF1-60F7E6E72BE3}.Debug|Any CPU.ActiveCfg = Debug|Any CPU
		{0D550246-52B1-4776-8CF1-60F7E6E72BE3}.Debug|Any CPU.Build.0 = Debug|Any CPU
		{0D550246-52B1-4776-8CF1-60F7E6E72BE3}.Release|Any CPU.ActiveCfg = Release|Any CPU
		{0D550246-52B1-4776-8CF1-60F7E6E72BE3}.Release|Any CPU.Build.0 = Release|Any CPU
		{A4E27D0A-97CE-4E50-9035-1C9A887865B2}.Debug|Any CPU.ActiveCfg = Debug|Any CPU
		{A4E27D0A-97CE-4E50-9035-1C9A887865B2}.Debug|Any CPU.Build.0 = Debug|Any CPU
		{A4E27D0A-97CE-4E50-9035-1C9A887865B2}.Release|Any CPU.ActiveCfg = Release|Any CPU
		{A4E27D0A-97CE-4E50-9035-1C9A887865B2}.Release|Any CPU.Build.0 = Release|Any CPU
		{F48A194E-628B-4ADD-9E33-48FA6E499DE8}.Debug|Any CPU.ActiveCfg = Debug|Any CPU
		{F48A194E-628B-4ADD-9E33-48FA6E499DE8}.Debug|Any CPU.Build.0 = Debug|Any CPU
		{F48A194E-628B-4ADD-9E33-48FA6E499DE8}.Release|Any CPU.ActiveCfg = Release|Any CPU
		{F48A194E-628B-4ADD-9E33-48FA6E499DE8}.Release|Any CPU.Build.0 = Release|Any CPU
		{A7A52FC8-208D-4355-ACFE-0D81316290FF}.Debug|Any CPU.ActiveCfg = Debug|Any CPU
		{A7A52FC8-208D-4355-ACFE-0D81316290FF}.Debug|Any CPU.Build.0 = Debug|Any CPU
		{A7A52FC8-208D-4355-ACFE-0D81316290FF}.Release|Any CPU.ActiveCfg = Release|Any CPU
		{A7A52FC8-208D-4355-ACFE-0D81316290FF}.Release|Any CPU.Build.0 = Release|Any CPU
	EndGlobalSection
	GlobalSection(SolutionProperties) = preSolution
		HideSolutionNode = FALSE
	EndGlobalSection
	GlobalSection(ExtensibilityGlobals) = postSolution
		SolutionGuid = {40786F58-CB9B-4857-9564-FEDAFDB48517}
	EndGlobalSection
EndGlobal
